
Microsoft Visual Studio Solution File, Format Version 12.00
# Visual Studio Version 17
VisualStudioVersion = 17.3.32901.215
MinimumVisualStudioVersion = 10.0.40219.1
Project("{FAE04EC0-301F-11D3-BF4B-00C04F79EFBC}") = "Prototype_iteration", "Prototype_iteration\Prototype_iteration.csproj", "{7F0A8D76-DB4F-42AA-A3A5-98A001CD2910}"
EndProject
Global
	GlobalSection(SolutionConfigurationPlatforms) = preSolution
		Debug|Any CPU = Debug|Any CPU
		Release|Any CPU = Release|Any CPU
	EndGlobalSection
	GlobalSection(ProjectConfigurationPlatforms) = postSolution
		{7F0A8D76-DB4F-42AA-A3A5-98A001CD2910}.Debug|Any CPU.ActiveCfg = Debug|Any CPU
		{7F0A8D76-DB4F-42AA-A3A5-98A001CD2910}.Debug|Any CPU.Build.0 = Debug|Any CPU
		{7F0A8D76-DB4F-42AA-A3A5-98A001CD2910}.Release|Any CPU.ActiveCfg = Release|Any CPU
		{7F0A8D76-DB4F-42AA-A3A5-98A001CD2910}.Release|Any CPU.Build.0 = Release|Any CPU
	EndGlobalSection
	GlobalSection(SolutionProperties) = preSolution
		HideSolutionNode = FALSE
	EndGlobalSection
	GlobalSection(ExtensibilityGlobals) = postSolution
		SolutionGuid = {0FA4318C-9FE2-4AF4-B9D6-B0851DCD3EC1}
	EndGlobalSection
EndGlobal
